// !$*UTF8*$!
{
	archiveVersion = 1;
	classes = {
	};
	objectVersion = 46;
	objects = {

/* Begin PBXBuildFile section */
		0F5F6EC71C434ABC00DAA9B5 /* main.m in Sources */ = {isa = PBXBuildFile; fileRef = 0F5F6EC61C434ABC00DAA9B5 /* main.m */; };
		0F5F6ECA1C434ABC00DAA9B5 /* AppDelegate.m in Sources */ = {isa = PBXBuildFile; fileRef = 0F5F6EC91C434ABC00DAA9B5 /* AppDelegate.m */; };
		0F5F6ECD1C434ABC00DAA9B5 /* ViewController.m in Sources */ = {isa = PBXBuildFile; fileRef = 0F5F6ECC1C434ABC00DAA9B5 /* ViewController.m */; };
		0F5F6ED01C434ABC00DAA9B5 /* Main.storyboard in Resources */ = {isa = PBXBuildFile; fileRef = 0F5F6ECE1C434ABC00DAA9B5 /* Main.storyboard */; };
		0F5F6ED21C434ABC00DAA9B5 /* Assets.xcassets in Resources */ = {isa = PBXBuildFile; fileRef = 0F5F6ED11C434ABC00DAA9B5 /* Assets.xcassets */; };
		0F5F6ED51C434ABC00DAA9B5 /* LaunchScreen.storyboard in Resources */ = {isa = PBXBuildFile; fileRef = 0F5F6ED31C434ABC00DAA9B5 /* LaunchScreen.storyboard */; };
		0F5F6EE01C434ABC00DAA9B5 /* UI_02_01Tests.m in Sources */ = {isa = PBXBuildFile; fileRef = 0F5F6EDF1C434ABC00DAA9B5 /* UI_02_01Tests.m */; };
		0F5F6EEB1C434ABC00DAA9B5 /* UI_02_01UITests.m in Sources */ = {isa = PBXBuildFile; fileRef = 0F5F6EEA1C434ABC00DAA9B5 /* UI_02_01UITests.m */; };
/* End PBXBuildFile section */

/* Begin PBXContainerItemProxy section */
		0F5F6EDC1C434ABC00DAA9B5 /* PBXContainerItemProxy */ = {
			isa = PBXContainerItemProxy;
			containerPortal = 0F5F6EBA1C434ABB00DAA9B5 /* Project object */;
			proxyType = 1;
			remoteGlobalIDString = 0F5F6EC11C434ABB00DAA9B5;
			remoteInfo = UI_02_01;
		};
		0F5F6EE71C434ABC00DAA9B5 /* PBXContainerItemProxy */ = {
			isa = PBXContainerItemProxy;
			containerPortal = 0F5F6EBA1C434ABB00DAA9B5 /* Project object */;
			proxyType = 1;
			remoteGlobalIDString = 0F5F6EC11C434ABB00DAA9B5;
			remoteInfo = UI_02_01;
		};
/* End PBXContainerItemProxy section */

/* Begin PBXFileReference section */
		0F5F6EC21C434ABB00DAA9B5 /* UI_02_01.app */ = {isa = PBXFileReference; explicitFileType = wrapper.application; includeInIndex = 0; path = UI_02_01.app; sourceTree = BUILT_PRODUCTS_DIR; };
		0F5F6EC61C434ABC00DAA9B5 /* main.m */ = {isa = PBXFileReference; lastKnownFileType = sourcecode.c.objc; path = main.m; sourceTree = "<group>"; };
		0F5F6EC81C434ABC00DAA9B5 /* AppDelegate.h */ = {isa = PBXFileReference; lastKnownFileType = sourcecode.c.h; path = AppDelegate.h; sourceTree = "<group>"; };
		0F5F6EC91C434ABC00DAA9B5 /* AppDelegate.m */ = {isa = PBXFileReference; lastKnownFileType = sourcecode.c.objc; path = AppDelegate.m; sourceTree = "<group>"; };
		0F5F6ECB1C434ABC00DAA9B5 /* ViewController.h */ = {isa = PBXFileReference; lastKnownFileType = sourcecode.c.h; path = ViewController.h; sourceTree = "<group>"; };
		0F5F6ECC1C434ABC00DAA9B5 /* ViewController.m */ = {isa = PBXFileReference; lastKnownFileType = sourcecode.c.objc; path = ViewController.m; sourceTree = "<group>"; };
		0F5F6ECF1C434ABC00DAA9B5 /* Base */ = {isa = PBXFileReference; lastKnownFileType = file.storyboard; name = Base; path = Base.lproj/Main.storyboard; sourceTree = "<group>"; };
		0F5F6ED11C434ABC00DAA9B5 /* Assets.xcassets */ = {isa = PBXFileReference; lastKnownFileType = folder.assetcatalog; path = Assets.xcassets; sourceTree = "<group>"; };
		0F5F6ED41C434ABC00DAA9B5 /* Base */ = {isa = PBXFileReference; lastKnownFileType = file.storyboard; name = Base; path = Base.lproj/LaunchScreen.storyboard; sourceTree = "<group>"; };
		0F5F6ED61C434ABC00DAA9B5 /* Info.plist */ = {isa = PBXFileReference; lastKnownFileType = text.plist.xml; path = Info.plist; sourceTree = "<group>"; };
		0F5F6EDB1C434ABC00DAA9B5 /* UI_02_01Tests.xctest */ = {isa = PBXFileReference; explicitFileType = wrapper.cfbundle; includeInIndex = 0; path = UI_02_01Tests.xctest; sourceTree = BUILT_PRODUCTS_DIR; };
		0F5F6EDF1C434ABC00DAA9B5 /* UI_02_01Tests.m */ = {isa = PBXFileReference; lastKnownFileType = sourcecode.c.objc; path = UI_02_01Tests.m; sourceTree = "<group>"; };
		0F5F6EE11C434ABC00DAA9B5 /* Info.plist */ = {isa = PBXFileReference; lastKnownFileType = text.plist.xml; path = Info.plist; sourceTree = "<group>"; };
		0F5F6EE61C434ABC00DAA9B5 /* UI_02_01UITests.xctest */ = {isa = PBXFileReference; explicitFileType = wrapper.cfbundle; includeInIndex = 0; path = UI_02_01UITests.xctest; sourceTree = BUILT_PRODUCTS_DIR; };
		0F5F6EEA1C434ABC00DAA9B5 /* UI_02_01UITests.m */ = {isa = PBXFileReference; lastKnownFileType = sourcecode.c.objc; path = UI_02_01UITests.m; sourceTree = "<group>"; };
		0F5F6EEC1C434ABC00DAA9B5 /* Info.plist */ = {isa = PBXFileReference; lastKnownFileType = text.plist.xml; path = Info.plist; sourceTree = "<group>"; };
/* End PBXFileReference section */

/* Begin PBXFrameworksBuildPhase section */
		0F5F6EBF1C434ABB00DAA9B5 /* Frameworks */ = {
			isa = PBXFrameworksBuildPhase;
			buildActionMask = 2147483647;
			files = (
			);
			runOnlyForDeploymentPostprocessing = 0;
		};
		0F5F6ED81C434ABC00DAA9B5 /* Frameworks */ = {
			isa = PBXFrameworksBuildPhase;
			buildActionMask = 2147483647;
			files = (
			);
			runOnlyForDeploymentPostprocessing = 0;
		};
		0F5F6EE31C434ABC00DAA9B5 /* Frameworks */ = {
			isa = PBXFrameworksBuildPhase;
			buildActionMask = 2147483647;
			files = (
			);
			runOnlyForDeploymentPostprocessing = 0;
		};
/* End PBXFrameworksBuildPhase section */

/* Begin PBXGroup section */
		0F5F6EB91C434ABB00DAA9B5 = {
			isa = PBXGroup;
			children = (
				0F5F6EC41C434ABB00DAA9B5 /* UI_02_01 */,
				0F5F6EDE1C434ABC00DAA9B5 /* UI_02_01Tests */,
				0F5F6EE91C434ABC00DAA9B5 /* UI_02_01UITests */,
				0F5F6EC31C434ABB00DAA9B5 /* Products */,
			);
			sourceTree = "<group>";
		};
		0F5F6EC31C434ABB00DAA9B5 /* Products */ = {
			isa = PBXGroup;
			children = (
				0F5F6EC21C434ABB00DAA9B5 /* UI_02_01.app */,
				0F5F6EDB1C434ABC00DAA9B5 /* UI_02_01Tests.xctest */,
				0F5F6EE61C434ABC00DAA9B5 /* UI_02_01UITests.xctest */,
			);
			name = Products;
			sourceTree = "<group>";
		};
		0F5F6EC41C434ABB00DAA9B5 /* UI_02_01 */ = {
			isa = PBXGroup;
			children = (
				0F5F6EC81C434ABC00DAA9B5 /* AppDelegate.h */,
				0F5F6EC91C434ABC00DAA9B5 /* AppDelegate.m */,
				0F5F6ECB1C434ABC00DAA9B5 /* ViewController.h */,
				0F5F6ECC1C434ABC00DAA9B5 /* ViewController.m */,
				0F5F6ECE1C434ABC00DAA9B5 /* Main.storyboard */,
				0F5F6ED11C434ABC00DAA9B5 /* Assets.xcassets */,
				0F5F6ED31C434ABC00DAA9B5 /* LaunchScreen.storyboard */,
				0F5F6ED61C434ABC00DAA9B5 /* Info.plist */,
				0F5F6EC51C434ABC00DAA9B5 /* Supporting Files */,
			);
			path = UI_02_01;
			sourceTree = "<group>";
		};
		0F5F6EC51C434ABC00DAA9B5 /* Supporting Files */ = {
			isa = PBXGroup;
			children = (
				0F5F6EC61C434ABC00DAA9B5 /* main.m */,
			);
			name = "Supporting Files";
			sourceTree = "<group>";
		};
		0F5F6EDE1C434ABC00DAA9B5 /* UI_02_01Tests */ = {
			isa = PBXGroup;
			children = (
				0F5F6EDF1C434ABC00DAA9B5 /* UI_02_01Tests.m */,
				0F5F6EE11C434ABC00DAA9B5 /* Info.plist */,
			);
			path = UI_02_01Tests;
			sourceTree = "<group>";
		};
		0F5F6EE91C434ABC00DAA9B5 /* UI_02_01UITests */ = {
			isa = PBXGroup;
			children = (
				0F5F6EEA1C434ABC00DAA9B5 /* UI_02_01UITests.m */,
				0F5F6EEC1C434ABC00DAA9B5 /* Info.plist */,
			);
			path = UI_02_01UITests;
			sourceTree = "<group>";
		};
/* End PBXGroup section */

/* Begin PBXNativeTarget section */
		0F5F6EC11C434ABB00DAA9B5 /* UI_02_01 */ = {
			isa = PBXNativeTarget;
			buildConfigurationList = 0F5F6EEF1C434ABC00DAA9B5 /* Build configuration list for PBXNativeTarget "UI_02_01" */;
			buildPhases = (
				0F5F6EBE1C434ABB00DAA9B5 /* Sources */,
				0F5F6EBF1C434ABB00DAA9B5 /* Frameworks */,
				0F5F6EC01C434ABB00DAA9B5 /* Resources */,
			);
			buildRules = (
			);
			dependencies = (
			);
			name = UI_02_01;
			productName = UI_02_01;
			productReference = 0F5F6EC21C434ABB00DAA9B5 /* UI_02_01.app */;
			productType = "com.apple.product-type.application";
		};
		0F5F6EDA1C434ABC00DAA9B5 /* UI_02_01Tests */ = {
			isa = PBXNativeTarget;
			buildConfigurationList = 0F5F6EF21C434ABC00DAA9B5 /* Build configuration list for PBXNativeTarget "UI_02_01Tests" */;
			buildPhases = (
				0F5F6ED71C434ABC00DAA9B5 /* Sources */,
				0F5F6ED81C434ABC00DAA9B5 /* Frameworks */,
				0F5F6ED91C434ABC00DAA9B5 /* Resources */,
			);
			buildRules = (
			);
			dependencies = (
				0F5F6EDD1C434ABC00DAA9B5 /* PBXTargetDependency */,
			);
			name = UI_02_01Tests;
			productName = UI_02_01Tests;
			productReference = 0F5F6EDB1C434ABC00DAA9B5 /* UI_02_01Tests.xctest */;
			productType = "com.apple.product-type.bundle.unit-test";
		};
		0F5F6EE51C434ABC00DAA9B5 /* UI_02_01UITests */ = {
			isa = PBXNativeTarget;
			buildConfigurationList = 0F5F6EF51C434ABC00DAA9B5 /* Build configuration list for PBXNativeTarget "UI_02_01UITests" */;
			buildPhases = (
				0F5F6EE21C434ABC00DAA9B5 /* Sources */,
				0F5F6EE31C434ABC00DAA9B5 /* Frameworks */,
				0F5F6EE41C434ABC00DAA9B5 /* Resources */,
			);
			buildRules = (
			);
			dependencies = (
				0F5F6EE81C434ABC00DAA9B5 /* PBXTargetDependency */,
			);
			name = UI_02_01UITests;
			productName = UI_02_01UITests;
			productReference = 0F5F6EE61C434ABC00DAA9B5 /* UI_02_01UITests.xctest */;
			productType = "com.apple.product-type.bundle.ui-testing";
		};
/* End PBXNativeTarget section */

/* Begin PBXProject section */
		0F5F6EBA1C434ABB00DAA9B5 /* Project object */ = {
			isa = PBXProject;
			attributes = {
				LastUpgradeCheck = 0710;
				ORGANIZATIONNAME = ibokan;
				TargetAttributes = {
					0F5F6EC11C434ABB00DAA9B5 = {
						CreatedOnToolsVersion = 7.1;
					};
					0F5F6EDA1C434ABC00DAA9B5 = {
						CreatedOnToolsVersion = 7.1;
						TestTargetID = 0F5F6EC11C434ABB00DAA9B5;
					};
					0F5F6EE51C434ABC00DAA9B5 = {
						CreatedOnToolsVersion = 7.1;
						TestTargetID = 0F5F6EC11C434ABB00DAA9B5;
					};
				};
			};
			buildConfigurationList = 0F5F6EBD1C434ABB00DAA9B5 /* Build configuration list for PBXProject "UI_02_01" */;
			compatibilityVersion = "Xcode 3.2";
			developmentRegion = English;
			hasScannedForEncodings = 0;
			knownRegions = (
				en,
				Base,
			);
			mainGroup = 0F5F6EB91C434ABB00DAA9B5;
			productRefGroup = 0F5F6EC31C434ABB00DAA9B5 /* Products */;
			projectDirPath = "";
			projectRoot = "";
			targets = (
				0F5F6EC11C434ABB00DAA9B5 /* UI_02_01 */,
				0F5F6EDA1C434ABC00DAA9B5 /* UI_02_01Tests */,
				0F5F6EE51C434ABC00DAA9B5 /* UI_02_01UITests */,
			);
		};
/* End PBXProject section */

/* Begin PBXResourcesBuildPhase section */
		0F5F6EC01C434ABB00DAA9B5 /* Resources */ = {
			isa = PBXResourcesBuildPhase;
			buildActionMask = 2147483647;
			files = (
				0F5F6ED51C434ABC00DAA9B5 /* LaunchScreen.storyboard in Resources */,
				0F5F6ED21C434ABC00DAA9B5 /* Assets.xcassets in Resources */,
				0F5F6ED01C434ABC00DAA9B5 /* Main.storyboard in Resources */,
			);
			runOnlyForDeploymentPostprocessing = 0;
		};
		0F5F6ED91C434ABC00DAA9B5 /* Resources */ = {
			isa = PBXResourcesBuildPhase;
			buildActionMask = 2147483647;
			files = (
			);
			runOnlyForDeploymentPostprocessing = 0;
		};
		0F5F6EE41C434ABC00DAA9B5 /* Resources */ = {
			isa = PBXResourcesBuildPhase;
			buildActionMask = 2147483647;
			files = (
			);
			runOnlyForDeploymentPostprocessing = 0;
		};
/* End PBXResourcesBuildPhase section */

/* Begin PBXSourcesBuildPhase section */
		0F5F6EBE1C434ABB00DAA9B5 /* Sources */ = {
			isa = PBXSourcesBuildPhase;
			buildActionMask = 2147483647;
			files = (
				0F5F6ECD1C434ABC00DAA9B5 /* ViewController.m in Sources */,
				0F5F6ECA1C434ABC00DAA9B5 /* AppDelegate.m in Sources */,
				0F5F6EC71C434ABC00DAA9B5 /* main.m in Sources */,
			);
			runOnlyForDeploymentPostprocessing = 0;
		};
		0F5F6ED71C434ABC00DAA9B5 /* Sources */ = {
			isa = PBXSourcesBuildPhase;
			buildActionMask = 2147483647;
			files = (
				0F5F6EE01C434ABC00DAA9B5 /* UI_02_01Tests.m in Sources */,
			);
			runOnlyForDeploymentPostprocessing = 0;
		};
		0F5F6EE21C434ABC00DAA9B5 /* Sources */ = {
			isa = PBXSourcesBuildPhase;
			buildActionMask = 2147483647;
			files = (
				0F5F6EEB1C434ABC00DAA9B5 /* UI_02_01UITests.m in Sources */,
			);
			runOnlyForDeploymentPostprocessing = 0;
		};
/* End PBXSourcesBuildPhase section */

/* Begin PBXTargetDependency section */
		0F5F6EDD1C434ABC00DAA9B5 /* PBXTargetDependency */ = {
			isa = PBXTargetDependency;
			target = 0F5F6EC11C434ABB00DAA9B5 /* UI_02_01 */;
			targetProxy = 0F5F6EDC1C434ABC00DAA9B5 /* PBXContainerItemProxy */;
		};
		0F5F6EE81C434ABC00DAA9B5 /* PBXTargetDependency */ = {
			isa = PBXTargetDependency;
			target = 0F5F6EC11C434ABB00DAA9B5 /* UI_02_01 */;
			targetProxy = 0F5F6EE71C434ABC00DAA9B5 /* PBXContainerItemProxy */;
		};
/* End PBXTargetDependency section */

/* Begin PBXVariantGroup section */
		0F5F6ECE1C434ABC00DAA9B5 /* Main.storyboard */ = {
			isa = PBXVariantGroup;
			children = (
				0F5F6ECF1C434ABC00DAA9B5 /* Base */,
			);
			name = Main.storyboard;
			sourceTree = "<group>";
		};
		0F5F6ED31C434ABC00DAA9B5 /* LaunchScreen.storyboard */ = {
			isa = PBXVariantGroup;
			children = (
				0F5F6ED41C434ABC00DAA9B5 /* Base */,
			);
			name = LaunchScreen.storyboard;
			sourceTree = "<group>";
		};
/* End PBXVariantGroup section */

/* Begin XCBuildConfiguration section */
		0F5F6EED1C434ABC00DAA9B5 /* Debug */ = {
			isa = XCBuildConfiguration;
			buildSettings = {
				ALWAYS_SEARCH_USER_PATHS = NO;
				CLANG_CXX_LANGUAGE_STANDARD = "gnu++0x";
				CLANG_CXX_LIBRARY = "libc++";
				CLANG_ENABLE_MODULES = YES;
				CLANG_ENABLE_OBJC_ARC = YES;
				CLANG_WARN_BOOL_CONVERSION = YES;
				CLANG_WARN_CONSTANT_CONVERSION = YES;
				CLANG_WARN_DIRECT_OBJC_ISA_USAGE = YES_ERROR;
				CLANG_WARN_EMPTY_BODY = YES;
				CLANG_WARN_ENUM_CONVERSION = YES;
				CLANG_WARN_INT_CONVERSION = YES;
				CLANG_WARN_OBJC_ROOT_CLASS = YES_ERROR;
				CLANG_WARN_UNREACHABLE_CODE = YES;
				CLANG_WARN__DUPLICATE_METHOD_MATCH = YES;
				"CODE_SIGN_IDENTITY[sdk=iphoneos*]" = "iPhone Developer";
				COPY_PHASE_STRIP = NO;
				DEBUG_INFORMATION_FORMAT = dwarf;
				ENABLE_STRICT_OBJC_MSGSEND = YES;
				ENABLE_TESTABILITY = YES;
				GCC_C_LANGUAGE_STANDARD = gnu99;
				GCC_DYNAMIC_NO_PIC = NO;
				GCC_NO_COMMON_BLOCKS = YES;
				GCC_OPTIMIZATION_LEVEL = 0;
				GCC_PREPROCESSOR_DEFINITIONS = (
					"DEBUG=1",
					"$(inherited)",
				);
				GCC_WARN_64_TO_32_BIT_CONVERSION = YES;
				GCC_WARN_ABOUT_RETURN_TYPE = YES_ERROR;
				GCC_WARN_UNDECLARED_SELECTOR = YES;
				GCC_WARN_UNINITIALIZED_AUTOS = YES_AGGRESSIVE;
				GCC_WARN_UNUSED_FUNCTION = YES;
				GCC_WARN_UNUSED_VARIABLE = YES;
				IPHONEOS_DEPLOYMENT_TARGET = 9.1;
				MTL_ENABLE_DEBUG_INFO = YES;
				ONLY_ACTIVE_ARCH = YES;
				SDKROOT = iphoneos;
				TARGETED_DEVICE_FAMILY = "1,2";
			};
			name = Debug;
		};
		0F5F6EEE1C434ABC00DAA9B5 /* Release */ = {
			isa = XCBuildConfiguration;
			buildSettings = {
				ALWAYS_SEARCH_USER_PATHS = NO;
				CLANG_CXX_LANGUAGE_STANDARD = "gnu++0x";
				CLANG_CXX_LIBRARY = "libc++";
				CLANG_ENABLE_MODULES = YES;
				CLANG_ENABLE_OBJC_ARC = YES;
				CLANG_WARN_BOOL_CONVERSION = YES;
				CLANG_WARN_CONSTANT_CONVERSION = YES;
				CLANG_WARN_DIRECT_OBJC_ISA_USAGE = YES_ERROR;
				CLANG_WARN_EMPTY_BODY = YES;
				CLANG_WARN_ENUM_CONVERSION = YES;
				CLANG_WARN_INT_CONVERSION = YES;
				CLANG_WARN_OBJC_ROOT_CLASS = YES_ERROR;
				CLANG_WARN_UNREACHABLE_CODE = YES;
				CLANG_WARN__DUPLICATE_METHOD_MATCH = YES;
				"CODE_SIGN_IDENTITY[sdk=iphoneos*]" = "iPhone Developer";
				COPY_PHASE_STRIP = NO;
				DEBUG_INFORMATION_FORMAT = "dwarf-with-dsym";
				ENABLE_NS_ASSERTIONS = NO;
				ENABLE_STRICT_OBJC_MSGSEND = YES;
				GCC_C_LANGUAGE_STANDARD = gnu99;
				GCC_NO_COMMON_BLOCKS = YES;
				GCC_WARN_64_TO_32_BIT_CONVERSION = YES;
				GCC_WARN_ABOUT_RETURN_TYPE = YES_ERROR;
				GCC_WARN_UNDECLARED_SELECTOR = YES;
				GCC_WARN_UNINITIALIZED_AUTOS = YES_AGGRESSIVE;
				GCC_WARN_UNUSED_FUNCTION = YES;
				GCC_WARN_UNUSED_VARIABLE = YES;
				IPHONEOS_DEPLOYMENT_TARGET = 9.1;
				MTL_ENABLE_DEBUG_INFO = NO;
				SDKROOT = iphoneos;
				TARGETED_DEVICE_FAMILY = "1,2";
				VALIDATE_PRODUCT = YES;
			};
			name = Release;
		};
		0F5F6EF01C434ABC00DAA9B5 /* Debug */ = {
			isa = XCBuildConfiguration;
			buildSettings = {
				ASSETCATALOG_COMPILER_APPICON_NAME = AppIcon;
				INFOPLIST_FILE = UI_02_01/Info.plist;
				LD_RUNPATH_SEARCH_PATHS = "$(inherited) @executable_path/Frameworks";
				PRODUCT_BUNDLE_IDENTIFIER = "touallcra.UI-02-01";
				PRODUCT_NAME = "$(TARGET_NAME)";
			};
			name = Debug;
		};
		0F5F6EF11C434ABC00DAA9B5 /* Release */ = {
			isa = XCBuildConfiguration;
			buildSettings = {
				ASSETCATALOG_COMPILER_APPICON_NAME = AppIcon;
				INFOPLIST_FILE = UI_02_01/Info.plist;
				LD_RUNPATH_SEARCH_PATHS = "$(inherited) @executable_path/Frameworks";
				PRODUCT_BUNDLE_IDENTIFIER = "touallcra.UI-02-01";
				PRODUCT_NAME = "$(TARGET_NAME)";
			};
			name = Release;
		};
		0F5F6EF31C434ABC00DAA9B5 /* Debug */ = {
			isa = XCBuildConfiguration;
			buildSettings = {
				BUNDLE_LOADER = "$(TEST_HOST)";
				INFOPLIST_FILE = UI_02_01Tests/Info.plist;
				LD_RUNPATH_SEARCH_PATHS = "$(inherited) @executable_path/Frameworks @loader_path/Frameworks";
				PRODUCT_BUNDLE_IDENTIFIER = "touallcra.UI-02-01Tests";
				PRODUCT_NAME = "$(TARGET_NAME)";
				TEST_HOST = "$(BUILT_PRODUCTS_DIR)/UI_02_01.app/UI_02_01";
			};
			name = Debug;
		};
		0F5F6EF41C434ABC00DAA9B5 /* Release */ = {
			isa = XCBuildConfiguration;
			buildSettings = {
				BUNDLE_LOADER = "$(TEST_HOST)";
				INFOPLIST_FILE = UI_02_01Tests/Info.plist;
				LD_RUNPATH_SEARCH_PATHS = "$(inherited) @executable_path/Frameworks @loader_path/Frameworks";
				PRODUCT_BUNDLE_IDENTIFIER = "touallcra.UI-02-01Tests";
				PRODUCT_NAME = "$(TARGET_NAME)";
				TEST_HOST = "$(BUILT_PRODUCTS_DIR)/UI_02_01.app/UI_02_01";
			};
			name = Release;
		};
		0F5F6EF61C434ABC00DAA9B5 /* Debug */ = {
			isa = XCBuildConfiguration;
			buildSettings = {
				INFOPLIST_FILE = UI_02_01UITests/Info.plist;
				LD_RUNPATH_SEARCH_PATHS = "$(inherited) @executable_path/Frameworks @loader_path/Frameworks";
				PRODUCT_BUNDLE_IDENTIFIER = "touallcra.UI-02-01UITests";
				PRODUCT_NAME = "$(TARGET_NAME)";
				TEST_TARGET_NAME = UI_02_01;
				USES_XCTRUNNER = YES;
			};
			name = Debug;
		};
		0F5F6EF71C434ABC00DAA9B5 /* Release */ = {
			isa = XCBuildConfiguration;
			buildSettings = {
				INFOPLIST_FILE = UI_02_01UITests/Info.plist;
				LD_RUNPATH_SEARCH_PATHS = "$(inherited) @executable_path/Frameworks @loader_path/Frameworks";
				PRODUCT_BUNDLE_IDENTIFIER = "touallcra.UI-02-01UITests";
				PRODUCT_NAME = "$(TARGET_NAME)";
				TEST_TARGET_NAME = UI_02_01;
				USES_XCTRUNNER = YES;
			};
			name = Release;
		};
/* End XCBuildConfiguration section */

/* Begin XCConfigurationList section */
		0F5F6EBD1C434ABB00DAA9B5 /* Build configuration list for PBXProject "UI_02_01" */ = {
			isa = XCConfigurationList;
			buildConfigurations = (
				0F5F6EED1C434ABC00DAA9B5 /* Debug */,
				0F5F6EEE1C434ABC00DAA9B5 /* Release */,
			);
			defaultConfigurationIsVisible = 0;
			defaultConfigurationName = Release;
		};
		0F5F6EEF1C434ABC00DAA9B5 /* Build configuration list for PBXNativeTarget "UI_02_01" */ = {
			isa = XCConfigurationList;
			buildConfigurations = (
				0F5F6EF01C434ABC00DAA9B5 /* Debug */,
				0F5F6EF11C434ABC00DAA9B5 /* Release */,
			);
			defaultConfigurationIsVisible = 0;
		};
		0F5F6EF21C434ABC00DAA9B5 /* Build configuration list for PBXNativeTarget "UI_02_01Tests" */ = {
			isa = XCConfigurationList;
			buildConfigurations = (
				0F5F6EF31C434ABC00DAA9B5 /* Debug */,
				0F5F6EF41C434ABC00DAA9B5 /* Release */,
			);
			defaultConfigurationIsVisible = 0;
		};
		0F5F6EF51C434ABC00DAA9B5 /* Build configuration list for PBXNativeTarget "UI_02_01UITests" */ = {
			isa = XCConfigurationList;
			buildConfigurations = (
				0F5F6EF61C434ABC00DAA9B5 /* Debug */,
				0F5F6EF71C434ABC00DAA9B5 /* Release */,
			);
			defaultConfigurationIsVisible = 0;
		};
/* End XCConfigurationList section */
	};
	rootObject = 0F5F6EBA1C434ABB00DAA9B5 /* Project object */;
}
